// !$*UTF8*$!
{
	archiveVersion = 1;
	classes = {
	};
	objectVersion = 50;
	objects = {

/* Begin PBXBuildFile section */
		0F14A8F6217A8038007B242F /* AppDelegate.swift in Sources */ = {isa = PBXBuildFile; fileRef = 0F14A8F5217A8038007B242F /* AppDelegate.swift */; };
		0F14A8F8217A8038007B242F /* ViewController.swift in Sources */ = {isa = PBXBuildFile; fileRef = 0F14A8F7217A8038007B242F /* ViewController.swift */; };
		0F14A8FB217A8038007B242F /* Main.storyboard in Resources */ = {isa = PBXBuildFile; fileRef = 0F14A8F9217A8038007B242F /* Main.storyboard */; };
		0F14A8FD217A803A007B242F /* Assets.xcassets in Resources */ = {isa = PBXBuildFile; fileRef = 0F14A8FC217A803A007B242F /* Assets.xcassets */; };
		0F14A900217A803A007B242F /* LaunchScreen.storyboard in Resources */ = {isa = PBXBuildFile; fileRef = 0F14A8FE217A803A007B242F /* LaunchScreen.storyboard */; };
		0F14A908217A8171007B242F /* IniciarViewController.swift in Sources */ = {isa = PBXBuildFile; fileRef = 0F14A907217A8171007B242F /* IniciarViewController.swift */; };
		0F14A90A217A8183007B242F /* RegistrarViewController.swift in Sources */ = {isa = PBXBuildFile; fileRef = 0F14A909217A8183007B242F /* RegistrarViewController.swift */; };
/* End PBXBuildFile section */

/* Begin PBXFileReference section */
		0F14A8F2217A8038007B242F /* Usuario.app */ = {isa = PBXFileReference; explicitFileType = wrapper.application; includeInIndex = 0; path = Usuario.app; sourceTree = BUILT_PRODUCTS_DIR; };
		0F14A8F5217A8038007B242F /* AppDelegate.swift */ = {isa = PBXFileReference; lastKnownFileType = sourcecode.swift; path = AppDelegate.swift; sourceTree = "<group>"; };
		0F14A8F7217A8038007B242F /* ViewController.swift */ = {isa = PBXFileReference; lastKnownFileType = sourcecode.swift; path = ViewController.swift; sourceTree = "<group>"; };
		0F14A8FA217A8038007B242F /* Base */ = {isa = PBXFileReference; lastKnownFileType = file.storyboard; name = Base; path = Base.lproj/Main.storyboard; sourceTree = "<group>"; };
		0F14A8FC217A803A007B242F /* Assets.xcassets */ = {isa = PBXFileReference; lastKnownFileType = folder.assetcatalog; path = Assets.xcassets; sourceTree = "<group>"; };
		0F14A8FF217A803A007B242F /* Base */ = {isa = PBXFileReference; lastKnownFileType = file.storyboard; name = Base; path = Base.lproj/LaunchScreen.storyboard; sourceTree = "<group>"; };
		0F14A901217A803A007B242F /* Info.plist */ = {isa = PBXFileReference; lastKnownFileType = text.plist.xml; path = Info.plist; sourceTree = "<group>"; };
		0F14A907217A8171007B242F /* IniciarViewController.swift */ = {isa = PBXFileReference; lastKnownFileType = sourcecode.swift; path = IniciarViewController.swift; sourceTree = "<group>"; };
		0F14A909217A8183007B242F /* RegistrarViewController.swift */ = {isa = PBXFileReference; lastKnownFileType = sourcecode.swift; path = RegistrarViewController.swift; sourceTree = "<group>"; };
/* End PBXFileReference section */

/* Begin PBXFrameworksBuildPhase section */
		0F14A8EF217A8038007B242F /* Frameworks */ = {
			isa = PBXFrameworksBuildPhase;
			buildActionMask = 2147483647;
			files = (
			);
			runOnlyForDeploymentPostprocessing = 0;
		};
/* End PBXFrameworksBuildPhase section */

/* Begin PBXGroup section */
		0F14A8E9217A8038007B242F = {
			isa = PBXGroup;
			children = (
				0F14A8F4217A8038007B242F /* Usuario */,
				0F14A8F3217A8038007B242F /* Products */,
			);
			sourceTree = "<group>";
		};
		0F14A8F3217A8038007B242F /* Products */ = {
			isa = PBXGroup;
			children = (
				0F14A8F2217A8038007B242F /* Usuario.app */,
			);
			name = Products;
			sourceTree = "<group>";
		};
		0F14A8F4217A8038007B242F /* Usuario */ = {
			isa = PBXGroup;
			children = (
				0F14A8F5217A8038007B242F /* AppDelegate.swift */,
				0F14A8F7217A8038007B242F /* ViewController.swift */,
				0F14A8F9217A8038007B242F /* Main.storyboard */,
				0F14A8FC217A803A007B242F /* Assets.xcassets */,
				0F14A8FE217A803A007B242F /* LaunchScreen.storyboard */,
				0F14A901217A803A007B242F /* Info.plist */,
				0F14A907217A8171007B242F /* IniciarViewController.swift */,
				0F14A909217A8183007B242F /* RegistrarViewController.swift */,
			);
			path = Usuario;
			sourceTree = "<group>";
		};
/* End PBXGroup section */

/* Begin PBXNativeTarget section */
		0F14A8F1217A8038007B242F /* Usuario */ = {
			isa = PBXNativeTarget;
			buildConfigurationList = 0F14A904217A803A007B242F /* Build configuration list for PBXNativeTarget "Usuario" */;
			buildPhases = (
				0F14A8EE217A8038007B242F /* Sources */,
				0F14A8EF217A8038007B242F /* Frameworks */,
				0F14A8F0217A8038007B242F /* Resources */,
			);
			buildRules = (
			);
			dependencies = (
			);
			name = Usuario;
			productName = Usuario;
			productReference = 0F14A8F2217A8038007B242F /* Usuario.app */;
			productType = "com.apple.product-type.application";
		};
/* End PBXNativeTarget section */

/* Begin PBXProject section */
		0F14A8EA217A8038007B242F /* Project object */ = {
			isa = PBXProject;
			attributes = {
				LastSwiftUpdateCheck = 0940;
				LastUpgradeCheck = 0940;
				ORGANIZATIONNAME = "unam fca";
				TargetAttributes = {
					0F14A8F1217A8038007B242F = {
						CreatedOnToolsVersion = 9.4.1;
					};
				};
			};
			buildConfigurationList = 0F14A8ED217A8038007B242F /* Build configuration list for PBXProject "Usuario" */;
			compatibilityVersion = "Xcode 9.3";
			developmentRegion = en;
			hasScannedForEncodings = 0;
			knownRegions = (
				en,
				Base,
			);
			mainGroup = 0F14A8E9217A8038007B242F;
			productRefGroup = 0F14A8F3217A8038007B242F /* Products */;
			projectDirPath = "";
			projectRoot = "";
			targets = (
				0F14A8F1217A8038007B242F /* Usuario */,
			);
		};
/* End PBXProject section */

/* Begin PBXResourcesBuildPhase section */
		0F14A8F0217A8038007B242F /* Resources */ = {
			isa = PBXResourcesBuildPhase;
			buildActionMask = 2147483647;
			files = (
				0F14A900217A803A007B242F /* LaunchScreen.storyboard in Resources */,
				0F14A8FD217A803A007B242F /* Assets.xcassets in Resources */,
				0F14A8FB217A8038007B242F /* Main.storyboard in Resources */,
			);
			runOnlyForDeploymentPostprocessing = 0;
		};
/* End PBXResourcesBuildPhase section */

/* Begin PBXSourcesBuildPhase section */
		0F14A8EE217A8038007B242F /* Sources */ = {
			isa = PBXSourcesBuildPhase;
			buildActionMask = 2147483647;
			files = (
				0F14A908217A8171007B242F /* IniciarViewController.swift in Sources */,
				0F14A8F8217A8038007B242F /* ViewController.swift in Sources */,
				0F14A90A217A8183007B242F /* RegistrarViewController.swift in Sources */,
				0F14A8F6217A8038007B242F /* AppDelegate.swift in Sources */,
			);
			runOnlyForDeploymentPostprocessing = 0;
		};
/* End PBXSourcesBuildPhase section */

/* Begin PBXVariantGroup section */
		0F14A8F9217A8038007B242F /* Main.storyboard */ = {
			isa = PBXVariantGroup;
			children = (
				0F14A8FA217A8038007B242F /* Base */,
			);
			name = Main.storyboard;
			sourceTree = "<group>";
		};
		0F14A8FE217A803A007B242F /* LaunchScreen.storyboard */ = {
			isa = PBXVariantGroup;
			children = (
				0F14A8FF217A803A007B242F /* Base */,
			);
			name = LaunchScreen.storyboard;
			sourceTree = "<group>";
		};
/* End PBXVariantGroup section */

/* Begin XCBuildConfiguration section */
		0F14A902217A803A007B242F /* Debug */ = {
			isa = XCBuildConfiguration;
			buildSettings = {
				ALWAYS_SEARCH_USER_PATHS = NO;
				CLANG_ANALYZER_NONNULL = YES;
				CLANG_ANALYZER_NUMBER_OBJECT_CONVERSION = YES_AGGRESSIVE;
				CLANG_CXX_LANGUAGE_STANDARD = "gnu++14";
				CLANG_CXX_LIBRARY = "libc++";
				CLANG_ENABLE_MODULES = YES;
				CLANG_ENABLE_OBJC_ARC = YES;
				CLANG_ENABLE_OBJC_WEAK = YES;
				CLANG_WARN_BLOCK_CAPTURE_AUTORELEASING = YES;
				CLANG_WARN_BOOL_CONVERSION = YES;
				CLANG_WARN_COMMA = YES;
				CLANG_WARN_CONSTANT_CONVERSION = YES;
				CLANG_WARN_DEPRECATED_OBJC_IMPLEMENTATIONS = YES;
				CLANG_WARN_DIRECT_OBJC_ISA_USAGE = YES_ERROR;
				CLANG_WARN_DOCUMENTATION_COMMENTS = YES;
				CLANG_WARN_EMPTY_BODY = YES;
				CLANG_WARN_ENUM_CONVERSION = YES;
				CLANG_WARN_INFINITE_RECURSION = YES;
				CLANG_WARN_INT_CONVERSION = YES;
				CLANG_WARN_NON_LITERAL_NULL_CONVERSION = YES;
				CLANG_WARN_OBJC_IMPLICIT_RETAIN_SELF = YES;
				CLANG_WARN_OBJC_LITERAL_CONVERSION = YES;
				CLANG_WARN_OBJC_ROOT_CLASS = YES_ERROR;
				CLANG_WARN_RANGE_LOOP_ANALYSIS = YES;
				CLANG_WARN_STRICT_PROTOTYPES = YES;
				CLANG_WARN_SUSPICIOUS_MOVE = YES;
				CLANG_WARN_UNGUARDED_AVAILABILITY = YES_AGGRESSIVE;
				CLANG_WARN_UNREACHABLE_CODE = YES;
				CLANG_WARN__DUPLICATE_METHOD_MATCH = YES;
				CODE_SIGN_IDENTITY = "iPhone Developer";
				COPY_PHASE_STRIP = NO;
				DEBUG_INFORMATION_FORMAT = dwarf;
				ENABLE_STRICT_OBJC_MSGSEND = YES;
				ENABLE_TESTABILITY = YES;
				GCC_C_LANGUAGE_STANDARD = gnu11;
				GCC_DYNAMIC_NO_PIC = NO;
				GCC_NO_COMMON_BLOCKS = YES;
				GCC_OPTIMIZATION_LEVEL = 0;
				GCC_PREPROCESSOR_DEFINITIONS = (
					"DEBUG=1",
					"$(inherited)",
				);
				GCC_WARN_64_TO_32_BIT_CONVERSION = YES;
				GCC_WARN_ABOUT_RETURN_TYPE = YES_ERROR;
				GCC_WARN_UNDECLARED_SELECTOR = YES;
				GCC_WARN_UNINITIALIZED_AUTOS = YES_AGGRESSIVE;
				GCC_WARN_UNUSED_FUNCTION = YES;
				GCC_WARN_UNUSED_VARIABLE = YES;
				IPHONEOS_DEPLOYMENT_TARGET = 11.4;
				MTL_ENABLE_DEBUG_INFO = YES;
				ONLY_ACTIVE_ARCH = YES;
				SDKROOT = iphoneos;
				SWIFT_ACTIVE_COMPILATION_CONDITIONS = DEBUG;
				SWIFT_OPTIMIZATION_LEVEL = "-Onone";
			};
			name = Debug;
		};
		0F14A903217A803A007B242F /* Release */ = {
			isa = XCBuildConfiguration;
			buildSettings = {
				ALWAYS_SEARCH_USER_PATHS = NO;
				CLANG_ANALYZER_NONNULL = YES;
				CLANG_ANALYZER_NUMBER_OBJECT_CONVERSION = YES_AGGRESSIVE;
				CLANG_CXX_LANGUAGE_STANDARD = "gnu++14";
				CLANG_CXX_LIBRARY = "libc++";
				CLANG_ENABLE_MODULES = YES;
				CLANG_ENABLE_OBJC_ARC = YES;
				CLANG_ENABLE_OBJC_WEAK = YES;
				CLANG_WARN_BLOCK_CAPTURE_AUTORELEASING = YES;
				CLANG_WARN_BOOL_CONVERSION = YES;
				CLANG_WARN_COMMA = YES;
				CLANG_WARN_CONSTANT_CONVERSION = YES;
				CLANG_WARN_DEPRECATED_OBJC_IMPLEMENTATIONS = YES;
				CLANG_WARN_DIRECT_OBJC_ISA_USAGE = YES_ERROR;
				CLANG_WARN_DOCUMENTATION_COMMENTS = YES;
				CLANG_WARN_EMPTY_BODY = YES;
				CLANG_WARN_ENUM_CONVERSION = YES;
				CLANG_WARN_INFINITE_RECURSION = YES;
				CLANG_WARN_INT_CONVERSION = YES;
				CLANG_WARN_NON_LITERAL_NULL_CONVERSION = YES;
				CLANG_WARN_OBJC_IMPLICIT_RETAIN_SELF = YES;
				CLANG_WARN_OBJC_LITERAL_CONVERSION = YES;
				CLANG_WARN_OBJC_ROOT_CLASS = YES_ERROR;
				CLANG_WARN_RANGE_LOOP_ANALYSIS = YES;
				CLANG_WARN_STRICT_PROTOTYPES = YES;
				CLANG_WARN_SUSPICIOUS_MOVE = YES;
				CLANG_WARN_UNGUARDED_AVAILABILITY = YES_AGGRESSIVE;
				CLANG_WARN_UNREACHABLE_CODE = YES;
				CLANG_WARN__DUPLICATE_METHOD_MATCH = YES;
				CODE_SIGN_IDENTITY = "iPhone Developer";
				COPY_PHASE_STRIP = NO;
				DEBUG_INFORMATION_FORMAT = "dwarf-with-dsym";
				ENABLE_NS_ASSERTIONS = NO;
				ENABLE_STRICT_OBJC_MSGSEND = YES;
				GCC_C_LANGUAGE_STANDARD = gnu11;
				GCC_NO_COMMON_BLOCKS = YES;
				GCC_WARN_64_TO_32_BIT_CONVERSION = YES;
				GCC_WARN_ABOUT_RETURN_TYPE = YES_ERROR;
				GCC_WARN_UNDECLARED_SELECTOR = YES;
				GCC_WARN_UNINITIALIZED_AUTOS = YES_AGGRESSIVE;
				GCC_WARN_UNUSED_FUNCTION = YES;
				GCC_WARN_UNUSED_VARIABLE = YES;
				IPHONEOS_DEPLOYMENT_TARGET = 11.4;
				MTL_ENABLE_DEBUG_INFO = NO;
				SDKROOT = iphoneos;
				SWIFT_COMPILATION_MODE = wholemodule;
				SWIFT_OPTIMIZATION_LEVEL = "-O";
				VALIDATE_PRODUCT = YES;
			};
			name = Release;
		};
		0F14A905217A803A007B242F /* Debug */ = {
			isa = XCBuildConfiguration;
			buildSettings = {
				ASSETCATALOG_COMPILER_APPICON_NAME = AppIcon;
				CODE_SIGN_STYLE = Automatic;
				INFOPLIST_FILE = Usuario/Info.plist;
				LD_RUNPATH_SEARCH_PATHS = (
					"$(inherited)",
					"@executable_path/Frameworks",
				);
				PRODUCT_BUNDLE_IDENTIFIER = unam.Usuario;
				PRODUCT_NAME = "$(TARGET_NAME)";
				SWIFT_VERSION = 4.0;
				TARGETED_DEVICE_FAMILY = "1,2";
			};
			name = Debug;
		};
		0F14A906217A803A007B242F /* Release */ = {
			isa = XCBuildConfiguration;
			buildSettings = {
				ASSETCATALOG_COMPILER_APPICON_NAME = AppIcon;
				CODE_SIGN_STYLE = Automatic;
				INFOPLIST_FILE = Usuario/Info.plist;
				LD_RUNPATH_SEARCH_PATHS = (
					"$(inherited)",
					"@executable_path/Frameworks",
				);
				PRODUCT_BUNDLE_IDENTIFIER = unam.Usuario;
				PRODUCT_NAME = "$(TARGET_NAME)";
				SWIFT_VERSION = 4.0;
				TARGETED_DEVICE_FAMILY = "1,2";
			};
			name = Release;
		};
/* End XCBuildConfiguration section */

/* Begin XCConfigurationList section */
		0F14A8ED217A8038007B242F /* Build configuration list for PBXProject "Usuario" */ = {
			isa = XCConfigurationList;
			buildConfigurations = (
				0F14A902217A803A007B242F /* Debug */,
				0F14A903217A803A007B242F /* Release */,
			);
			defaultConfigurationIsVisible = 0;
			defaultConfigurationName = Release;
		};
		0F14A904217A803A007B242F /* Build configuration list for PBXNativeTarget "Usuario" */ = {
			isa = XCConfigurationList;
			buildConfigurations = (
				0F14A905217A803A007B242F /* Debug */,
				0F14A906217A803A007B242F /* Release */,
			);
			defaultConfigurationIsVisible = 0;
			defaultConfigurationName = Release;
		};
/* End XCConfigurationList section */
	};
	rootObject = 0F14A8EA217A8038007B242F /* Project object */;
}
